// !$*UTF8*$!
{
	archiveVersion = 1;
	classes = {
	};
	objectVersion = 56;
	objects = {

/* Begin PBXBuildFile section */
		6F1573232D50E4620059A84A /* SignupOptionsView.swift in Sources */ = {isa = PBXBuildFile; fileRef = 6F1573222D50E4620059A84A /* SignupOptionsView.swift */; };
		6F20EB7A29ADFB6C002DFD49 /* LoginTemplateApp.swift in Sources */ = {isa = PBXBuildFile; fileRef = 6F20EB7929ADFB6C002DFD49 /* LoginTemplateApp.swift */; };
		6F20EB7E29ADFB6C002DFD49 /* Assets.xcassets in Resources */ = {isa = PBXBuildFile; fileRef = 6F20EB7D29ADFB6C002DFD49 /* Assets.xcassets */; };
		6F20EB8129ADFB6C002DFD49 /* Preview Assets.xcassets in Resources */ = {isa = PBXBuildFile; fileRef = 6F20EB8029ADFB6C002DFD49 /* Preview Assets.xcassets */; };
		6F20EB9129ADFCE8002DFD49 /* SignupViewModel.swift in Sources */ = {isa = PBXBuildFile; fileRef = 6F20EB8E29ADFCE8002DFD49 /* SignupViewModel.swift */; };
		6F20EB9229ADFCE8002DFD49 /* LoginViewModel.swift in Sources */ = {isa = PBXBuildFile; fileRef = 6F20EB8F29ADFCE8002DFD49 /* LoginViewModel.swift */; };
		6F20EB9429ADFCF4002DFD49 /* FieldValidator.swift in Sources */ = {isa = PBXBuildFile; fileRef = 6F20EB9329ADFCF4002DFD49 /* FieldValidator.swift */; };
		6F20EB9C29ADFD1D002DFD49 /* HomeView.swift in Sources */ = {isa = PBXBuildFile; fileRef = 6F20EB9629ADFD1C002DFD49 /* HomeView.swift */; };
		6F20EB9D29ADFD1D002DFD49 /* WelcomeView.swift in Sources */ = {isa = PBXBuildFile; fileRef = 6F20EB9729ADFD1D002DFD49 /* WelcomeView.swift */; };
		6F20EB9E29ADFD1D002DFD49 /* LoginView.swift in Sources */ = {isa = PBXBuildFile; fileRef = 6F20EB9829ADFD1D002DFD49 /* LoginView.swift */; };
		6F20EB9F29ADFD1D002DFD49 /* SignupView.swift in Sources */ = {isa = PBXBuildFile; fileRef = 6F20EB9929ADFD1D002DFD49 /* SignupView.swift */; };
		6F20EBA429ADFD93002DFD49 /* AuthenticationServiceProtocol.swift in Sources */ = {isa = PBXBuildFile; fileRef = 6F20EBA329ADFD93002DFD49 /* AuthenticationServiceProtocol.swift */; };
		6F20EBA729ADFE1C002DFD49 /* UserCredentials.swift in Sources */ = {isa = PBXBuildFile; fileRef = 6F20EBA629ADFE1C002DFD49 /* UserCredentials.swift */; };
		6F20EBA929ADFE96002DFD49 /* LoginResult.swift in Sources */ = {isa = PBXBuildFile; fileRef = 6F20EBA829ADFE96002DFD49 /* LoginResult.swift */; };
		6F20EBAB29AE0240002DFD49 /* AuthenticationService.swift in Sources */ = {isa = PBXBuildFile; fileRef = 6F20EBAA29AE0240002DFD49 /* AuthenticationService.swift */; };
		6F20EBAD29AE03D3002DFD49 /* ButtonStyle.swift in Sources */ = {isa = PBXBuildFile; fileRef = 6F20EBAC29AE03D3002DFD49 /* ButtonStyle.swift */; };
		6F20EBB429AE0497002DFD49 /* SignupServiceProtocol.swift in Sources */ = {isa = PBXBuildFile; fileRef = 6F20EBB329AE0497002DFD49 /* SignupServiceProtocol.swift */; };
		6F20EBB629AE04E8002DFD49 /* SignupData.swift in Sources */ = {isa = PBXBuildFile; fileRef = 6F20EBB529AE04E8002DFD49 /* SignupData.swift */; };
		6F20EBB829AE051F002DFD49 /* SignupResult.swift in Sources */ = {isa = PBXBuildFile; fileRef = 6F20EBB729AE051F002DFD49 /* SignupResult.swift */; };
		6F20EBBA29AE058C002DFD49 /* SignupService.swift in Sources */ = {isa = PBXBuildFile; fileRef = 6F20EBB929AE058C002DFD49 /* SignupService.swift */; };
		6F20EBBD29AE071A002DFD49 /* Localizable.strings in Resources */ = {isa = PBXBuildFile; fileRef = 6F20EBBF29AE071A002DFD49 /* Localizable.strings */; };
		6F6EEFEF2D4E96E400D3405D /* AppFonts.swift in Sources */ = {isa = PBXBuildFile; fileRef = 6F6EEFEE2D4E96D900D3405D /* AppFonts.swift */; };
		6F6EEFF22D4E97C200D3405D /* AppColors.swift in Sources */ = {isa = PBXBuildFile; fileRef = 6F6EEFF12D4E97BE00D3405D /* AppColors.swift */; };
		6F7F96172D4CD9B600D4178B /* TextFieldStyle.swift in Sources */ = {isa = PBXBuildFile; fileRef = 6F7F96162D4CD9B600D4178B /* TextFieldStyle.swift */; };
		6F7F961B2D4CDE9C00D4178B /* RevealableSecureField.swift in Sources */ = {isa = PBXBuildFile; fileRef = 6F7F961A2D4CDE9C00D4178B /* RevealableSecureField.swift */; };
/* End PBXBuildFile section */

/* Begin PBXFileReference section */
		6F1573222D50E4620059A84A /* SignupOptionsView.swift */ = {isa = PBXFileReference; lastKnownFileType = sourcecode.swift; path = SignupOptionsView.swift; sourceTree = "<group>"; };
		6F20EB7629ADFB6C002DFD49 /* LoginTemplate.app */ = {isa = PBXFileReference; explicitFileType = wrapper.application; includeInIndex = 0; path = LoginTemplate.app; sourceTree = BUILT_PRODUCTS_DIR; };
		6F20EB7929ADFB6C002DFD49 /* LoginTemplateApp.swift */ = {isa = PBXFileReference; lastKnownFileType = sourcecode.swift; path = LoginTemplateApp.swift; sourceTree = "<group>"; };
		6F20EB7D29ADFB6C002DFD49 /* Assets.xcassets */ = {isa = PBXFileReference; lastKnownFileType = folder.assetcatalog; path = Assets.xcassets; sourceTree = "<group>"; };
		6F20EB8029ADFB6C002DFD49 /* Preview Assets.xcassets */ = {isa = PBXFileReference; lastKnownFileType = folder.assetcatalog; path = "Preview Assets.xcassets"; sourceTree = "<group>"; };
		6F20EB8E29ADFCE8002DFD49 /* SignupViewModel.swift */ = {isa = PBXFileReference; fileEncoding = 4; lastKnownFileType = sourcecode.swift; path = SignupViewModel.swift; sourceTree = "<group>"; };
		6F20EB8F29ADFCE8002DFD49 /* LoginViewModel.swift */ = {isa = PBXFileReference; fileEncoding = 4; lastKnownFileType = sourcecode.swift; path = LoginViewModel.swift; sourceTree = "<group>"; };
		6F20EB9329ADFCF4002DFD49 /* FieldValidator.swift */ = {isa = PBXFileReference; lastKnownFileType = sourcecode.swift; path = FieldValidator.swift; sourceTree = "<group>"; };
		6F20EB9629ADFD1C002DFD49 /* HomeView.swift */ = {isa = PBXFileReference; fileEncoding = 4; lastKnownFileType = sourcecode.swift; path = HomeView.swift; sourceTree = "<group>"; };
		6F20EB9729ADFD1D002DFD49 /* WelcomeView.swift */ = {isa = PBXFileReference; fileEncoding = 4; lastKnownFileType = sourcecode.swift; path = WelcomeView.swift; sourceTree = "<group>"; };
		6F20EB9829ADFD1D002DFD49 /* LoginView.swift */ = {isa = PBXFileReference; fileEncoding = 4; lastKnownFileType = sourcecode.swift; path = LoginView.swift; sourceTree = "<group>"; };
		6F20EB9929ADFD1D002DFD49 /* SignupView.swift */ = {isa = PBXFileReference; fileEncoding = 4; lastKnownFileType = sourcecode.swift; path = SignupView.swift; sourceTree = "<group>"; };
		6F20EBA329ADFD93002DFD49 /* AuthenticationServiceProtocol.swift */ = {isa = PBXFileReference; lastKnownFileType = sourcecode.swift; path = AuthenticationServiceProtocol.swift; sourceTree = "<group>"; };
		6F20EBA629ADFE1C002DFD49 /* UserCredentials.swift */ = {isa = PBXFileReference; lastKnownFileType = sourcecode.swift; path = UserCredentials.swift; sourceTree = "<group>"; };
		6F20EBA829ADFE96002DFD49 /* LoginResult.swift */ = {isa = PBXFileReference; lastKnownFileType = sourcecode.swift; path = LoginResult.swift; sourceTree = "<group>"; };
		6F20EBAA29AE0240002DFD49 /* AuthenticationService.swift */ = {isa = PBXFileReference; lastKnownFileType = sourcecode.swift; path = AuthenticationService.swift; sourceTree = "<group>"; };
		6F20EBAC29AE03D3002DFD49 /* ButtonStyle.swift */ = {isa = PBXFileReference; lastKnownFileType = sourcecode.swift; path = ButtonStyle.swift; sourceTree = "<group>"; };
		6F20EBB329AE0497002DFD49 /* SignupServiceProtocol.swift */ = {isa = PBXFileReference; lastKnownFileType = sourcecode.swift; path = SignupServiceProtocol.swift; sourceTree = "<group>"; };
		6F20EBB529AE04E8002DFD49 /* SignupData.swift */ = {isa = PBXFileReference; lastKnownFileType = sourcecode.swift; path = SignupData.swift; sourceTree = "<group>"; };
		6F20EBB729AE051F002DFD49 /* SignupResult.swift */ = {isa = PBXFileReference; lastKnownFileType = sourcecode.swift; path = SignupResult.swift; sourceTree = "<group>"; };
		6F20EBB929AE058C002DFD49 /* SignupService.swift */ = {isa = PBXFileReference; lastKnownFileType = sourcecode.swift; path = SignupService.swift; sourceTree = "<group>"; };
		6F20EBBE29AE071A002DFD49 /* es */ = {isa = PBXFileReference; lastKnownFileType = text.plist.strings; name = es; path = es.lproj/Localizable.strings; sourceTree = "<group>"; };
		6F20EBC029AE0723002DFD49 /* en */ = {isa = PBXFileReference; lastKnownFileType = text.plist.strings; name = en; path = en.lproj/Localizable.strings; sourceTree = "<group>"; };
		6F6EEFEE2D4E96D900D3405D /* AppFonts.swift */ = {isa = PBXFileReference; lastKnownFileType = sourcecode.swift; path = AppFonts.swift; sourceTree = "<group>"; };
		6F6EEFF12D4E97BE00D3405D /* AppColors.swift */ = {isa = PBXFileReference; lastKnownFileType = sourcecode.swift; path = AppColors.swift; sourceTree = "<group>"; };
		6F7F96162D4CD9B600D4178B /* TextFieldStyle.swift */ = {isa = PBXFileReference; lastKnownFileType = sourcecode.swift; path = TextFieldStyle.swift; sourceTree = "<group>"; };
		6F7F961A2D4CDE9C00D4178B /* RevealableSecureField.swift */ = {isa = PBXFileReference; lastKnownFileType = sourcecode.swift; path = RevealableSecureField.swift; sourceTree = "<group>"; };
/* End PBXFileReference section */

/* Begin PBXFrameworksBuildPhase section */
		6F20EB7329ADFB6C002DFD49 /* Frameworks */ = {
			isa = PBXFrameworksBuildPhase;
			buildActionMask = 2147483647;
			files = (
			);
			runOnlyForDeploymentPostprocessing = 0;
		};
/* End PBXFrameworksBuildPhase section */

/* Begin PBXGroup section */
		6F1573242D50E4670059A84A /* Signup */ = {
			isa = PBXGroup;
			children = (
				6F20EB9929ADFD1D002DFD49 /* SignupView.swift */,
				6F20EB8E29ADFCE8002DFD49 /* SignupViewModel.swift */,
				6F1573222D50E4620059A84A /* SignupOptionsView.swift */,
			);
			path = Signup;
			sourceTree = "<group>";
		};
		6F1573252D50FC670059A84A /* Login */ = {
			isa = PBXGroup;
			children = (
				6F20EB9829ADFD1D002DFD49 /* LoginView.swift */,
				6F20EB8F29ADFCE8002DFD49 /* LoginViewModel.swift */,
			);
			path = Login;
			sourceTree = "<group>";
		};
		6F20EB6D29ADFB6C002DFD49 = {
			isa = PBXGroup;
			children = (
				6F20EBBF29AE071A002DFD49 /* Localizable.strings */,
				6F20EB7829ADFB6C002DFD49 /* LoginTemplate */,
				6F20EB7729ADFB6C002DFD49 /* Products */,
			);
			sourceTree = "<group>";
		};
		6F20EB7729ADFB6C002DFD49 /* Products */ = {
			isa = PBXGroup;
			children = (
				6F20EB7629ADFB6C002DFD49 /* LoginTemplate.app */,
			);
			name = Products;
			sourceTree = "<group>";
		};
		6F20EB7829ADFB6C002DFD49 /* LoginTemplate */ = {
			isa = PBXGroup;
			children = (
				6F20EBA529ADFDD1002DFD49 /* Model */,
				6F20EB9529ADFD0F002DFD49 /* Views */,
				6F20EBA229ADFD78002DFD49 /* Service */,
				6F20EB8B29ADFBDA002DFD49 /* App */,
				6F20EB7D29ADFB6C002DFD49 /* Assets.xcassets */,
				6F20EB7F29ADFB6C002DFD49 /* Preview Content */,
			);
			path = LoginTemplate;
			sourceTree = "<group>";
		};
		6F20EB7F29ADFB6C002DFD49 /* Preview Content */ = {
			isa = PBXGroup;
			children = (
				6F20EB8029ADFB6C002DFD49 /* Preview Assets.xcassets */,
			);
			path = "Preview Content";
			sourceTree = "<group>";
		};
		6F20EB8B29ADFBDA002DFD49 /* App */ = {
			isa = PBXGroup;
			children = (
				6F20EB7929ADFB6C002DFD49 /* LoginTemplateApp.swift */,
			);
			path = App;
			sourceTree = "<group>";
		};
		6F20EB9529ADFD0F002DFD49 /* Views */ = {
			isa = PBXGroup;
			children = (
				6F1573252D50FC670059A84A /* Login */,
				6F1573242D50E4670059A84A /* Signup */,
				6F6EEFF02D4E97B300D3405D /* Colors */,
				6F6EEFED2D4E96D000D3405D /* Fonts */,
				6F7F96192D4CDE9200D4178B /* ViewComponents */,
				6F20EBB229AE045C002DFD49 /* Styles */,
				6F7F96182D4CDE6C00D4178B /* Validation */,
				6F20EB9729ADFD1D002DFD49 /* WelcomeView.swift */,
				6F20EB9629ADFD1C002DFD49 /* HomeView.swift */,
			);
			path = Views;
			sourceTree = "<group>";
		};
		6F20EBA229ADFD78002DFD49 /* Service */ = {
			isa = PBXGroup;
			children = (
				6F20EBA329ADFD93002DFD49 /* AuthenticationServiceProtocol.swift */,
				6F20EBAA29AE0240002DFD49 /* AuthenticationService.swift */,
				6F20EBB329AE0497002DFD49 /* SignupServiceProtocol.swift */,
				6F20EBB929AE058C002DFD49 /* SignupService.swift */,
			);
			path = Service;
			sourceTree = "<group>";
		};
		6F20EBA529ADFDD1002DFD49 /* Model */ = {
			isa = PBXGroup;
			children = (
				6F20EBA629ADFE1C002DFD49 /* UserCredentials.swift */,
				6F20EBA829ADFE96002DFD49 /* LoginResult.swift */,
				6F20EBB529AE04E8002DFD49 /* SignupData.swift */,
				6F20EBB729AE051F002DFD49 /* SignupResult.swift */,
			);
			path = Model;
			sourceTree = "<group>";
		};
		6F20EBB229AE045C002DFD49 /* Styles */ = {
			isa = PBXGroup;
			children = (
				6F20EBAC29AE03D3002DFD49 /* ButtonStyle.swift */,
				6F7F96162D4CD9B600D4178B /* TextFieldStyle.swift */,
			);
			path = Styles;
			sourceTree = "<group>";
		};
		6F6EEFED2D4E96D000D3405D /* Fonts */ = {
			isa = PBXGroup;
			children = (
				6F6EEFEE2D4E96D900D3405D /* AppFonts.swift */,
			);
			path = Fonts;
			sourceTree = "<group>";
		};
		6F6EEFF02D4E97B300D3405D /* Colors */ = {
			isa = PBXGroup;
			children = (
				6F6EEFF12D4E97BE00D3405D /* AppColors.swift */,
			);
			path = Colors;
			sourceTree = "<group>";
		};
		6F7F96182D4CDE6C00D4178B /* Validation */ = {
			isa = PBXGroup;
			children = (
				6F20EB9329ADFCF4002DFD49 /* FieldValidator.swift */,
			);
			path = Validation;
			sourceTree = "<group>";
		};
		6F7F96192D4CDE9200D4178B /* ViewComponents */ = {
			isa = PBXGroup;
			children = (
				6F7F961A2D4CDE9C00D4178B /* RevealableSecureField.swift */,
			);
			path = ViewComponents;
			sourceTree = "<group>";
		};
/* End PBXGroup section */

/* Begin PBXNativeTarget section */
		6F20EB7529ADFB6C002DFD49 /* LoginTemplate */ = {
			isa = PBXNativeTarget;
			buildConfigurationList = 6F20EB8429ADFB6C002DFD49 /* Build configuration list for PBXNativeTarget "LoginTemplate" */;
			buildPhases = (
				6F20EB7229ADFB6C002DFD49 /* Sources */,
				6F20EB7329ADFB6C002DFD49 /* Frameworks */,
				6F20EB7429ADFB6C002DFD49 /* Resources */,
			);
			buildRules = (
			);
			dependencies = (
			);
			name = LoginTemplate;
			productName = LoginTemplate;
			productReference = 6F20EB7629ADFB6C002DFD49 /* LoginTemplate.app */;
			productType = "com.apple.product-type.application";
		};
/* End PBXNativeTarget section */

/* Begin PBXProject section */
		6F20EB6E29ADFB6C002DFD49 /* Project object */ = {
			isa = PBXProject;
			attributes = {
				BuildIndependentTargetsInParallel = 1;
				LastSwiftUpdateCheck = 1420;
				LastUpgradeCheck = 1620;
				TargetAttributes = {
					6F20EB7529ADFB6C002DFD49 = {
						CreatedOnToolsVersion = 14.2;
					};
				};
			};
			buildConfigurationList = 6F20EB7129ADFB6C002DFD49 /* Build configuration list for PBXProject "LoginTemplate" */;
			compatibilityVersion = "Xcode 14.0";
			developmentRegion = en;
			hasScannedForEncodings = 0;
			knownRegions = (
				en,
				Base,
				es,
			);
			mainGroup = 6F20EB6D29ADFB6C002DFD49;
			productRefGroup = 6F20EB7729ADFB6C002DFD49 /* Products */;
			projectDirPath = "";
			projectRoot = "";
			targets = (
				6F20EB7529ADFB6C002DFD49 /* LoginTemplate */,
			);
		};
/* End PBXProject section */

/* Begin PBXResourcesBuildPhase section */
		6F20EB7429ADFB6C002DFD49 /* Resources */ = {
			isa = PBXResourcesBuildPhase;
			buildActionMask = 2147483647;
			files = (
				6F20EBBD29AE071A002DFD49 /* Localizable.strings in Resources */,
				6F20EB8129ADFB6C002DFD49 /* Preview Assets.xcassets in Resources */,
				6F20EB7E29ADFB6C002DFD49 /* Assets.xcassets in Resources */,
			);
			runOnlyForDeploymentPostprocessing = 0;
		};
/* End PBXResourcesBuildPhase section */

/* Begin PBXSourcesBuildPhase section */
		6F20EB7229ADFB6C002DFD49 /* Sources */ = {
			isa = PBXSourcesBuildPhase;
			buildActionMask = 2147483647;
			files = (
				6F20EBAD29AE03D3002DFD49 /* ButtonStyle.swift in Sources */,
				6F20EB9C29ADFD1D002DFD49 /* HomeView.swift in Sources */,
				6F20EBA429ADFD93002DFD49 /* AuthenticationServiceProtocol.swift in Sources */,
				6F20EBBA29AE058C002DFD49 /* SignupService.swift in Sources */,
				6F20EB9E29ADFD1D002DFD49 /* LoginView.swift in Sources */,
				6F7F961B2D4CDE9C00D4178B /* RevealableSecureField.swift in Sources */,
				6F20EBB829AE051F002DFD49 /* SignupResult.swift in Sources */,
				6F20EB9F29ADFD1D002DFD49 /* SignupView.swift in Sources */,
				6F20EB9D29ADFD1D002DFD49 /* WelcomeView.swift in Sources */,
				6F20EBB429AE0497002DFD49 /* SignupServiceProtocol.swift in Sources */,
				6F20EB9129ADFCE8002DFD49 /* SignupViewModel.swift in Sources */,
				6F20EBA929ADFE96002DFD49 /* LoginResult.swift in Sources */,
				6F6EEFEF2D4E96E400D3405D /* AppFonts.swift in Sources */,
				6F20EBAB29AE0240002DFD49 /* AuthenticationService.swift in Sources */,
				6F20EBB629AE04E8002DFD49 /* SignupData.swift in Sources */,
				6F20EB9429ADFCF4002DFD49 /* FieldValidator.swift in Sources */,
				6F20EB9229ADFCE8002DFD49 /* LoginViewModel.swift in Sources */,
				6F7F96172D4CD9B600D4178B /* TextFieldStyle.swift in Sources */,
				6F6EEFF22D4E97C200D3405D /* AppColors.swift in Sources */,
				6F20EB7A29ADFB6C002DFD49 /* LoginTemplateApp.swift in Sources */,
				6F20EBA729ADFE1C002DFD49 /* UserCredentials.swift in Sources */,
				6F1573232D50E4620059A84A /* SignupOptionsView.swift in Sources */,
			);
			runOnlyForDeploymentPostprocessing = 0;
		};
/* End PBXSourcesBuildPhase section */

/* Begin PBXVariantGroup section */
		6F20EBBF29AE071A002DFD49 /* Localizable.strings */ = {
			isa = PBXVariantGroup;
			children = (
				6F20EBBE29AE071A002DFD49 /* es */,
				6F20EBC029AE0723002DFD49 /* en */,
			);
			name = Localizable.strings;
			sourceTree = "<group>";
		};
/* End PBXVariantGroup section */

/* Begin XCBuildConfiguration section */
		6F20EB8229ADFB6C002DFD49 /* Debug */ = {
			isa = XCBuildConfiguration;
			buildSettings = {
				ALWAYS_SEARCH_USER_PATHS = NO;
				CLANG_ANALYZER_LOCALIZABILITY_NONLOCALIZED = YES;
				CLANG_ANALYZER_NONNULL = YES;
				CLANG_ANALYZER_NUMBER_OBJECT_CONVERSION = YES_AGGRESSIVE;
				CLANG_CXX_LANGUAGE_STANDARD = "gnu++20";
				CLANG_ENABLE_MODULES = YES;
				CLANG_ENABLE_OBJC_ARC = YES;
				CLANG_ENABLE_OBJC_WEAK = YES;
				CLANG_WARN_BLOCK_CAPTURE_AUTORELEASING = YES;
				CLANG_WARN_BOOL_CONVERSION = YES;
				CLANG_WARN_COMMA = YES;
				CLANG_WARN_CONSTANT_CONVERSION = YES;
				CLANG_WARN_DEPRECATED_OBJC_IMPLEMENTATIONS = YES;
				CLANG_WARN_DIRECT_OBJC_ISA_USAGE = YES_ERROR;
				CLANG_WARN_DOCUMENTATION_COMMENTS = YES;
				CLANG_WARN_EMPTY_BODY = YES;
				CLANG_WARN_ENUM_CONVERSION = YES;
				CLANG_WARN_INFINITE_RECURSION = YES;
				CLANG_WARN_INT_CONVERSION = YES;
				CLANG_WARN_NON_LITERAL_NULL_CONVERSION = YES;
				CLANG_WARN_OBJC_IMPLICIT_RETAIN_SELF = YES;
				CLANG_WARN_OBJC_LITERAL_CONVERSION = YES;
				CLANG_WARN_OBJC_ROOT_CLASS = YES_ERROR;
				CLANG_WARN_QUOTED_INCLUDE_IN_FRAMEWORK_HEADER = YES;
				CLANG_WARN_RANGE_LOOP_ANALYSIS = YES;
				CLANG_WARN_STRICT_PROTOTYPES = YES;
				CLANG_WARN_SUSPICIOUS_MOVE = YES;
				CLANG_WARN_UNGUARDED_AVAILABILITY = YES_AGGRESSIVE;
				CLANG_WARN_UNREACHABLE_CODE = YES;
				CLANG_WARN__DUPLICATE_METHOD_MATCH = YES;
				COPY_PHASE_STRIP = NO;
				DEBUG_INFORMATION_FORMAT = dwarf;
				ENABLE_STRICT_OBJC_MSGSEND = YES;
				ENABLE_TESTABILITY = YES;
				ENABLE_USER_SCRIPT_SANDBOXING = YES;
				GCC_C_LANGUAGE_STANDARD = gnu11;
				GCC_DYNAMIC_NO_PIC = NO;
				GCC_NO_COMMON_BLOCKS = YES;
				GCC_OPTIMIZATION_LEVEL = 0;
				GCC_PREPROCESSOR_DEFINITIONS = (
					"DEBUG=1",
					"$(inherited)",
				);
				GCC_WARN_64_TO_32_BIT_CONVERSION = YES;
				GCC_WARN_ABOUT_RETURN_TYPE = YES_ERROR;
				GCC_WARN_UNDECLARED_SELECTOR = YES;
				GCC_WARN_UNINITIALIZED_AUTOS = YES_AGGRESSIVE;
				GCC_WARN_UNUSED_FUNCTION = YES;
				GCC_WARN_UNUSED_VARIABLE = YES;
				IPHONEOS_DEPLOYMENT_TARGET = 16.2;
				MTL_ENABLE_DEBUG_INFO = INCLUDE_SOURCE;
				MTL_FAST_MATH = YES;
				ONLY_ACTIVE_ARCH = YES;
				SDKROOT = iphoneos;
				SWIFT_ACTIVE_COMPILATION_CONDITIONS = DEBUG;
				SWIFT_OPTIMIZATION_LEVEL = "-Onone";
			};
			name = Debug;
		};
		6F20EB8329ADFB6C002DFD49 /* Release */ = {
			isa = XCBuildConfiguration;
			buildSettings = {
				ALWAYS_SEARCH_USER_PATHS = NO;
				CLANG_ANALYZER_LOCALIZABILITY_NONLOCALIZED = YES;
				CLANG_ANALYZER_NONNULL = YES;
				CLANG_ANALYZER_NUMBER_OBJECT_CONVERSION = YES_AGGRESSIVE;
				CLANG_CXX_LANGUAGE_STANDARD = "gnu++20";
				CLANG_ENABLE_MODULES = YES;
				CLANG_ENABLE_OBJC_ARC = YES;
				CLANG_ENABLE_OBJC_WEAK = YES;
				CLANG_WARN_BLOCK_CAPTURE_AUTORELEASING = YES;
				CLANG_WARN_BOOL_CONVERSION = YES;
				CLANG_WARN_COMMA = YES;
				CLANG_WARN_CONSTANT_CONVERSION = YES;
				CLANG_WARN_DEPRECATED_OBJC_IMPLEMENTATIONS = YES;
				CLANG_WARN_DIRECT_OBJC_ISA_USAGE = YES_ERROR;
				CLANG_WARN_DOCUMENTATION_COMMENTS = YES;
				CLANG_WARN_EMPTY_BODY = YES;
				CLANG_WARN_ENUM_CONVERSION = YES;
				CLANG_WARN_INFINITE_RECURSION = YES;
				CLANG_WARN_INT_CONVERSION = YES;
				CLANG_WARN_NON_LITERAL_NULL_CONVERSION = YES;
				CLANG_WARN_OBJC_IMPLICIT_RETAIN_SELF = YES;
				CLANG_WARN_OBJC_LITERAL_CONVERSION = YES;
				CLANG_WARN_OBJC_ROOT_CLASS = YES_ERROR;
				CLANG_WARN_QUOTED_INCLUDE_IN_FRAMEWORK_HEADER = YES;
				CLANG_WARN_RANGE_LOOP_ANALYSIS = YES;
				CLANG_WARN_STRICT_PROTOTYPES = YES;
				CLANG_WARN_SUSPICIOUS_MOVE = YES;
				CLANG_WARN_UNGUARDED_AVAILABILITY = YES_AGGRESSIVE;
				CLANG_WARN_UNREACHABLE_CODE = YES;
				CLANG_WARN__DUPLICATE_METHOD_MATCH = YES;
				COPY_PHASE_STRIP = NO;
				DEBUG_INFORMATION_FORMAT = "dwarf-with-dsym";
				ENABLE_NS_ASSERTIONS = NO;
				ENABLE_STRICT_OBJC_MSGSEND = YES;
				ENABLE_USER_SCRIPT_SANDBOXING = YES;
				GCC_C_LANGUAGE_STANDARD = gnu11;
				GCC_NO_COMMON_BLOCKS = YES;
				GCC_WARN_64_TO_32_BIT_CONVERSION = YES;
				GCC_WARN_ABOUT_RETURN_TYPE = YES_ERROR;
				GCC_WARN_UNDECLARED_SELECTOR = YES;
				GCC_WARN_UNINITIALIZED_AUTOS = YES_AGGRESSIVE;
				GCC_WARN_UNUSED_FUNCTION = YES;
				GCC_WARN_UNUSED_VARIABLE = YES;
				IPHONEOS_DEPLOYMENT_TARGET = 16.2;
				MTL_ENABLE_DEBUG_INFO = NO;
				MTL_FAST_MATH = YES;
				SDKROOT = iphoneos;
				SWIFT_COMPILATION_MODE = wholemodule;
				SWIFT_OPTIMIZATION_LEVEL = "-O";
				VALIDATE_PRODUCT = YES;
			};
			name = Release;
		};
		6F20EB8529ADFB6C002DFD49 /* Debug */ = {
			isa = XCBuildConfiguration;
			buildSettings = {
				ASSETCATALOG_COMPILER_APPICON_NAME = AppIcon;
				ASSETCATALOG_COMPILER_GLOBAL_ACCENT_COLOR_NAME = AccentColor;
				CODE_SIGN_STYLE = Automatic;
				CURRENT_PROJECT_VERSION = 1;
				DEVELOPMENT_ASSET_PATHS = "\"LoginTemplate/Preview Content\"";
				DEVELOPMENT_TEAM = 548ZQR4ZZN;
				ENABLE_PREVIEWS = YES;
				GENERATE_INFOPLIST_FILE = YES;
				INFOPLIST_KEY_UIApplicationSceneManifest_Generation = YES;
				INFOPLIST_KEY_UIApplicationSupportsIndirectInputEvents = YES;
				INFOPLIST_KEY_UILaunchScreen_Generation = YES;
				INFOPLIST_KEY_UISupportedInterfaceOrientations = UIInterfaceOrientationPortrait;
				INFOPLIST_KEY_UISupportedInterfaceOrientations_iPad = "UIInterfaceOrientationLandscapeLeft UIInterfaceOrientationLandscapeRight UIInterfaceOrientationPortrait UIInterfaceOrientationPortraitUpsideDown";
				LD_RUNPATH_SEARCH_PATHS = (
					"$(inherited)",
					"@executable_path/Frameworks",
				);
				MARKETING_VERSION = 1.0;
				PRODUCT_BUNDLE_IDENTIFIER = dev.jlucea.LoginTemplate;
				PRODUCT_NAME = "$(TARGET_NAME)";
				SUPPORTED_PLATFORMS = "iphoneos iphonesimulator";
				SUPPORTS_MACCATALYST = NO;
				SUPPORTS_MAC_DESIGNED_FOR_IPHONE_IPAD = YES;
				SWIFT_EMIT_LOC_STRINGS = YES;
				SWIFT_VERSION = 5.0;
				TARGETED_DEVICE_FAMILY = 1;
			};
			name = Debug;
		};
		6F20EB8629ADFB6C002DFD49 /* Release */ = {
			isa = XCBuildConfiguration;
			buildSettings = {
				ASSETCATALOG_COMPILER_APPICON_NAME = AppIcon;
				ASSETCATALOG_COMPILER_GLOBAL_ACCENT_COLOR_NAME = AccentColor;
				CODE_SIGN_STYLE = Automatic;
				CURRENT_PROJECT_VERSION = 1;
				DEVELOPMENT_ASSET_PATHS = "\"LoginTemplate/Preview Content\"";
				DEVELOPMENT_TEAM = 548ZQR4ZZN;
				ENABLE_PREVIEWS = YES;
				GENERATE_INFOPLIST_FILE = YES;
				INFOPLIST_KEY_UIApplicationSceneManifest_Generation = YES;
				INFOPLIST_KEY_UIApplicationSupportsIndirectInputEvents = YES;
				INFOPLIST_KEY_UILaunchScreen_Generation = YES;
				INFOPLIST_KEY_UISupportedInterfaceOrientations = UIInterfaceOrientationPortrait;
				INFOPLIST_KEY_UISupportedInterfaceOrientations_iPad = "UIInterfaceOrientationLandscapeLeft UIInterfaceOrientationLandscapeRight UIInterfaceOrientationPortrait UIInterfaceOrientationPortraitUpsideDown";
				LD_RUNPATH_SEARCH_PATHS = (
					"$(inherited)",
					"@executable_path/Frameworks",
				);
				MARKETING_VERSION = 1.0;
				PRODUCT_BUNDLE_IDENTIFIER = dev.jlucea.LoginTemplate;
				PRODUCT_NAME = "$(TARGET_NAME)";
				SUPPORTED_PLATFORMS = "iphoneos iphonesimulator";
				SUPPORTS_MACCATALYST = NO;
				SUPPORTS_MAC_DESIGNED_FOR_IPHONE_IPAD = YES;
				SWIFT_EMIT_LOC_STRINGS = YES;
				SWIFT_VERSION = 5.0;
				TARGETED_DEVICE_FAMILY = 1;
			};
			name = Release;
		};
/* End XCBuildConfiguration section */

/* Begin XCConfigurationList section */
		6F20EB7129ADFB6C002DFD49 /* Build configuration list for PBXProject "LoginTemplate" */ = {
			isa = XCConfigurationList;
			buildConfigurations = (
				6F20EB8229ADFB6C002DFD49 /* Debug */,
				6F20EB8329ADFB6C002DFD49 /* Release */,
			);
			defaultConfigurationIsVisible = 0;
			defaultConfigurationName = Release;
		};
		6F20EB8429ADFB6C002DFD49 /* Build configuration list for PBXNativeTarget "LoginTemplate" */ = {
			isa = XCConfigurationList;
			buildConfigurations = (
				6F20EB8529ADFB6C002DFD49 /* Debug */,
				6F20EB8629ADFB6C002DFD49 /* Release */,
			);
			defaultConfigurationIsVisible = 0;
			defaultConfigurationName = Release;
		};
/* End XCConfigurationList section */
	};
	rootObject = 6F20EB6E29ADFB6C002DFD49 /* Project object */;
}
